
Microsoft Visual Studio Solution File, Format Version 12.00
# Visual Studio Version 17
VisualStudioVersion = 17.1.32328.378
MinimumVisualStudioVersion = 10.0.40219.1
Project("{8BC9CEB8-8B4A-11D0-8D11-00A0C91BC942}") = "0428", "0428\0428.vcxproj", "{BD58CB51-4B97-4BDE-8DDA-284323C85AE5}"
EndProject
Global
	GlobalSection(SolutionConfigurationPlatforms) = preSolution
		Debug|x64 = Debug|x64
		Debug|x86 = Debug|x86
		Release|x64 = Release|x64
		Release|x86 = Release|x86
	EndGlobalSection
	GlobalSection(ProjectConfigurationPlatforms) = postSolution
		{BD58CB51-4B97-4BDE-8DDA-284323C85AE5}.Debug|x64.ActiveCfg = Debug|x64
		{BD58CB51-4B97-4BDE-8DDA-284323C85AE5}.Debug|x64.Build.0 = Debug|x64
		{BD58CB51-4B97-4BDE-8DDA-284323C85AE5}.Debug|x86.ActiveCfg = Debug|Win32
		{BD58CB51-4B97-4BDE-8DDA-284323C85AE5}.Debug|x86.Build.0 = Debug|Win32
		{BD58CB51-4B97-4BDE-8DDA-284323C85AE5}.Release|x64.ActiveCfg = Release|x64
		{BD58CB51-4B97-4BDE-8DDA-284323C85AE5}.Release|x64.Build.0 = Release|x64
		{BD58CB51-4B97-4BDE-8DDA-284323C85AE5}.Release|x86.ActiveCfg = Release|Win32
		{BD58CB51-4B97-4BDE-8DDA-284323C85AE5}.Release|x86.Build.0 = Release|Win32
	EndGlobalSection
	GlobalSection(SolutionProperties) = preSolution
		HideSolutionNode = FALSE
	EndGlobalSection
	GlobalSection(ExtensibilityGlobals) = postSolution
		SolutionGuid = {BD4EACB0-9EC6-4F82-B89A-91C10F34D635}
	EndGlobalSection
EndGlobal
