
Microsoft Visual Studio Solution File, Format Version 12.00
# Visual Studio Version 17
VisualStudioVersion = 17.1.32328.378
MinimumVisualStudioVersion = 10.0.40219.1
Project("{8BC9CEB8-8B4A-11D0-8D11-00A0C91BC942}") = "0415", "0415\0415.vcxproj", "{EC15E8D3-E90D-4FA7-A808-AE3721CE723F}"
EndProject
Project("{8BC9CEB8-8B4A-11D0-8D11-00A0C91BC942}") = "과제", "과제\과제.vcxproj", "{5734C64A-2949-4E61-ACAC-B4905577F4AA}"
EndProject
Global
	GlobalSection(SolutionConfigurationPlatforms) = preSolution
		Debug|x64 = Debug|x64
		Debug|x86 = Debug|x86
		Release|x64 = Release|x64
		Release|x86 = Release|x86
	EndGlobalSection
	GlobalSection(ProjectConfigurationPlatforms) = postSolution
		{EC15E8D3-E90D-4FA7-A808-AE3721CE723F}.Debug|x64.ActiveCfg = Debug|x64
		{EC15E8D3-E90D-4FA7-A808-AE3721CE723F}.Debug|x64.Build.0 = Debug|x64
		{EC15E8D3-E90D-4FA7-A808-AE3721CE723F}.Debug|x86.ActiveCfg = Debug|Win32
		{EC15E8D3-E90D-4FA7-A808-AE3721CE723F}.Debug|x86.Build.0 = Debug|Win32
		{EC15E8D3-E90D-4FA7-A808-AE3721CE723F}.Release|x64.ActiveCfg = Release|x64
		{EC15E8D3-E90D-4FA7-A808-AE3721CE723F}.Release|x64.Build.0 = Release|x64
		{EC15E8D3-E90D-4FA7-A808-AE3721CE723F}.Release|x86.ActiveCfg = Release|Win32
		{EC15E8D3-E90D-4FA7-A808-AE3721CE723F}.Release|x86.Build.0 = Release|Win32
		{5734C64A-2949-4E61-ACAC-B4905577F4AA}.Debug|x64.ActiveCfg = Debug|x64
		{5734C64A-2949-4E61-ACAC-B4905577F4AA}.Debug|x64.Build.0 = Debug|x64
		{5734C64A-2949-4E61-ACAC-B4905577F4AA}.Debug|x86.ActiveCfg = Debug|Win32
		{5734C64A-2949-4E61-ACAC-B4905577F4AA}.Debug|x86.Build.0 = Debug|Win32
		{5734C64A-2949-4E61-ACAC-B4905577F4AA}.Release|x64.ActiveCfg = Release|x64
		{5734C64A-2949-4E61-ACAC-B4905577F4AA}.Release|x64.Build.0 = Release|x64
		{5734C64A-2949-4E61-ACAC-B4905577F4AA}.Release|x86.ActiveCfg = Release|Win32
		{5734C64A-2949-4E61-ACAC-B4905577F4AA}.Release|x86.Build.0 = Release|Win32
	EndGlobalSection
	GlobalSection(SolutionProperties) = preSolution
		HideSolutionNode = FALSE
	EndGlobalSection
	GlobalSection(ExtensibilityGlobals) = postSolution
		SolutionGuid = {42B716DC-A98B-4740-9840-259688DC992A}
	EndGlobalSection
EndGlobal
