
Microsoft Visual Studio Solution File, Format Version 12.00
# Visual Studio Version 17
VisualStudioVersion = 17.1.32328.378
MinimumVisualStudioVersion = 10.0.40219.1
Project("{8BC9CEB8-8B4A-11D0-8D11-00A0C91BC942}") = "0413", "0413\0413.vcxproj", "{98D6D987-4E51-4D85-90E1-2172AD8CDC19}"
EndProject
Project("{8BC9CEB8-8B4A-11D0-8D11-00A0C91BC942}") = "0413_2", "0413_2\0413_2.vcxproj", "{E6CF4E10-5BD1-4759-972C-9F16312F835D}"
EndProject
Project("{8BC9CEB8-8B4A-11D0-8D11-00A0C91BC942}") = "homework3", "homework3\homework3.vcxproj", "{E9EEBE41-8FF8-43CD-9242-5C5D2ACE3A8F}"
EndProject
Global
	GlobalSection(SolutionConfigurationPlatforms) = preSolution
		Debug|x64 = Debug|x64
		Debug|x86 = Debug|x86
		Release|x64 = Release|x64
		Release|x86 = Release|x86
	EndGlobalSection
	GlobalSection(ProjectConfigurationPlatforms) = postSolution
		{98D6D987-4E51-4D85-90E1-2172AD8CDC19}.Debug|x64.ActiveCfg = Debug|x64
		{98D6D987-4E51-4D85-90E1-2172AD8CDC19}.Debug|x64.Build.0 = Debug|x64
		{98D6D987-4E51-4D85-90E1-2172AD8CDC19}.Debug|x86.ActiveCfg = Debug|Win32
		{98D6D987-4E51-4D85-90E1-2172AD8CDC19}.Debug|x86.Build.0 = Debug|Win32
		{98D6D987-4E51-4D85-90E1-2172AD8CDC19}.Release|x64.ActiveCfg = Release|x64
		{98D6D987-4E51-4D85-90E1-2172AD8CDC19}.Release|x64.Build.0 = Release|x64
		{98D6D987-4E51-4D85-90E1-2172AD8CDC19}.Release|x86.ActiveCfg = Release|Win32
		{98D6D987-4E51-4D85-90E1-2172AD8CDC19}.Release|x86.Build.0 = Release|Win32
		{E6CF4E10-5BD1-4759-972C-9F16312F835D}.Debug|x64.ActiveCfg = Debug|x64
		{E6CF4E10-5BD1-4759-972C-9F16312F835D}.Debug|x64.Build.0 = Debug|x64
		{E6CF4E10-5BD1-4759-972C-9F16312F835D}.Debug|x86.ActiveCfg = Debug|Win32
		{E6CF4E10-5BD1-4759-972C-9F16312F835D}.Debug|x86.Build.0 = Debug|Win32
		{E6CF4E10-5BD1-4759-972C-9F16312F835D}.Release|x64.ActiveCfg = Release|x64
		{E6CF4E10-5BD1-4759-972C-9F16312F835D}.Release|x64.Build.0 = Release|x64
		{E6CF4E10-5BD1-4759-972C-9F16312F835D}.Release|x86.ActiveCfg = Release|Win32
		{E6CF4E10-5BD1-4759-972C-9F16312F835D}.Release|x86.Build.0 = Release|Win32
		{E9EEBE41-8FF8-43CD-9242-5C5D2ACE3A8F}.Debug|x64.ActiveCfg = Debug|x64
		{E9EEBE41-8FF8-43CD-9242-5C5D2ACE3A8F}.Debug|x64.Build.0 = Debug|x64
		{E9EEBE41-8FF8-43CD-9242-5C5D2ACE3A8F}.Debug|x86.ActiveCfg = Debug|Win32
		{E9EEBE41-8FF8-43CD-9242-5C5D2ACE3A8F}.Debug|x86.Build.0 = Debug|Win32
		{E9EEBE41-8FF8-43CD-9242-5C5D2ACE3A8F}.Release|x64.ActiveCfg = Release|x64
		{E9EEBE41-8FF8-43CD-9242-5C5D2ACE3A8F}.Release|x64.Build.0 = Release|x64
		{E9EEBE41-8FF8-43CD-9242-5C5D2ACE3A8F}.Release|x86.ActiveCfg = Release|Win32
		{E9EEBE41-8FF8-43CD-9242-5C5D2ACE3A8F}.Release|x86.Build.0 = Release|Win32
	EndGlobalSection
	GlobalSection(SolutionProperties) = preSolution
		HideSolutionNode = FALSE
	EndGlobalSection
	GlobalSection(ExtensibilityGlobals) = postSolution
		SolutionGuid = {F73D7112-A72E-4AFA-8B7A-F123EA326B84}
	EndGlobalSection
EndGlobal
